// !$*UTF8*$!
{
	archiveVersion = 1;
	classes = {
	};
	objectVersion = 50;
	objects = {

/* Begin PBXBuildFile section */
		90700CDE2398247F00E656A1 /* UXColor.swift in Sources */ = {isa = PBXBuildFile; fileRef = 90700CDD2398247F00E656A1 /* UXColor.swift */; };
		90700CE123982BD200E656A1 /* FoodDetailView.swift in Sources */ = {isa = PBXBuildFile; fileRef = 90700CE023982BD200E656A1 /* FoodDetailView.swift */; };
		90B0C68223998148004B4931 /* FoodDetailHeaderView.swift in Sources */ = {isa = PBXBuildFile; fileRef = 90B0C68123998148004B4931 /* FoodDetailHeaderView.swift */; };
		90B0C68423998170004B4931 /* FoodDetailRatingView.swift in Sources */ = {isa = PBXBuildFile; fileRef = 90B0C68323998170004B4931 /* FoodDetailRatingView.swift */; };
		90B0C68623998180004B4931 /* FoodDetailDescriptionView.swift in Sources */ = {isa = PBXBuildFile; fileRef = 90B0C68523998180004B4931 /* FoodDetailDescriptionView.swift */; };
		90B0C68823998190004B4931 /* FoodDetailCommentView.swift in Sources */ = {isa = PBXBuildFile; fileRef = 90B0C68723998190004B4931 /* FoodDetailCommentView.swift */; };
		90BBB4FC2396C973006B785A /* NotificationView.swift in Sources */ = {isa = PBXBuildFile; fileRef = 90BBB4FB2396C973006B785A /* NotificationView.swift */; };
		90BBB4FE2396CD56006B785A /* OfferView.swift in Sources */ = {isa = PBXBuildFile; fileRef = 90BBB4FD2396CD56006B785A /* OfferView.swift */; };
		90BBB5002396CD6E006B785A /* ProfileView.swift in Sources */ = {isa = PBXBuildFile; fileRef = 90BBB4FF2396CD6E006B785A /* ProfileView.swift */; };
		90CAABB6238EDFE10083D34E /* AppDelegate.swift in Sources */ = {isa = PBXBuildFile; fileRef = 90CAABB5238EDFE10083D34E /* AppDelegate.swift */; };
		90CAABB8238EDFE10083D34E /* SceneDelegate.swift in Sources */ = {isa = PBXBuildFile; fileRef = 90CAABB7238EDFE10083D34E /* SceneDelegate.swift */; };
		90CAABBB238EDFE10083D34E /* Restaurants.xcdatamodeld in Sources */ = {isa = PBXBuildFile; fileRef = 90CAABB9238EDFE10083D34E /* Restaurants.xcdatamodeld */; };
		90CAABBF238EDFE80083D34E /* Assets.xcassets in Resources */ = {isa = PBXBuildFile; fileRef = 90CAABBE238EDFE80083D34E /* Assets.xcassets */; };
		90CAABC2238EDFE80083D34E /* Preview Assets.xcassets in Resources */ = {isa = PBXBuildFile; fileRef = 90CAABC1238EDFE80083D34E /* Preview Assets.xcassets */; };
		90CAABC5238EDFE80083D34E /* LaunchScreen.storyboard in Resources */ = {isa = PBXBuildFile; fileRef = 90CAABC3238EDFE80083D34E /* LaunchScreen.storyboard */; };
		90CAABCE238EE2DD0083D34E /* RestaurantDetailView.swift in Sources */ = {isa = PBXBuildFile; fileRef = 90CAABCD238EE2DD0083D34E /* RestaurantDetailView.swift */; };
		90E64F582393F6AD003E620A /* Observables.swift in Sources */ = {isa = PBXBuildFile; fileRef = 90E64F572393F6AD003E620A /* Observables.swift */; };
		90E64F5C2393FA31003E620A /* FoodLIst.swift in Sources */ = {isa = PBXBuildFile; fileRef = 90E64F5B2393FA31003E620A /* FoodLIst.swift */; };
		90E64F5E2393FA77003E620A /* FoodCellView.swift in Sources */ = {isa = PBXBuildFile; fileRef = 90E64F5D2393FA77003E620A /* FoodCellView.swift */; };
		90E64F602394145C003E620A /* TestView.swift in Sources */ = {isa = PBXBuildFile; fileRef = 90E64F5F2394145C003E620A /* TestView.swift */; };
		90E64F62239416C8003E620A /* TabBarView.swift in Sources */ = {isa = PBXBuildFile; fileRef = 90E64F61239416C8003E620A /* TabBarView.swift */; };
		90E64F6423942400003E620A /* HomeView.swift in Sources */ = {isa = PBXBuildFile; fileRef = 90E64F6323942400003E620A /* HomeView.swift */; };
		90FCD078239029020054C44E /* CommonView.swift in Sources */ = {isa = PBXBuildFile; fileRef = 90FCD077239029010054C44E /* CommonView.swift */; };
		90FCD07B23903F7D0054C44E /* FoodListModel.swift in Sources */ = {isa = PBXBuildFile; fileRef = 90FCD07A23903F7D0054C44E /* FoodListModel.swift */; };
/* End PBXBuildFile section */

/* Begin PBXFileReference section */
		90700CDD2398247F00E656A1 /* UXColor.swift */ = {isa = PBXFileReference; lastKnownFileType = sourcecode.swift; path = UXColor.swift; sourceTree = "<group>"; };
		90700CE023982BD200E656A1 /* FoodDetailView.swift */ = {isa = PBXFileReference; lastKnownFileType = sourcecode.swift; path = FoodDetailView.swift; sourceTree = "<group>"; };
		90B0C68123998148004B4931 /* FoodDetailHeaderView.swift */ = {isa = PBXFileReference; lastKnownFileType = sourcecode.swift; path = FoodDetailHeaderView.swift; sourceTree = "<group>"; };
		90B0C68323998170004B4931 /* FoodDetailRatingView.swift */ = {isa = PBXFileReference; lastKnownFileType = sourcecode.swift; path = FoodDetailRatingView.swift; sourceTree = "<group>"; };
		90B0C68523998180004B4931 /* FoodDetailDescriptionView.swift */ = {isa = PBXFileReference; lastKnownFileType = sourcecode.swift; path = FoodDetailDescriptionView.swift; sourceTree = "<group>"; };
		90B0C68723998190004B4931 /* FoodDetailCommentView.swift */ = {isa = PBXFileReference; lastKnownFileType = sourcecode.swift; path = FoodDetailCommentView.swift; sourceTree = "<group>"; };
		90BBB4FB2396C973006B785A /* NotificationView.swift */ = {isa = PBXFileReference; lastKnownFileType = sourcecode.swift; path = NotificationView.swift; sourceTree = "<group>"; };
		90BBB4FD2396CD56006B785A /* OfferView.swift */ = {isa = PBXFileReference; lastKnownFileType = sourcecode.swift; path = OfferView.swift; sourceTree = "<group>"; };
		90BBB4FF2396CD6E006B785A /* ProfileView.swift */ = {isa = PBXFileReference; lastKnownFileType = sourcecode.swift; path = ProfileView.swift; sourceTree = "<group>"; };
		90CAABB2238EDFE10083D34E /* Restaurants.app */ = {isa = PBXFileReference; explicitFileType = wrapper.application; includeInIndex = 0; path = Restaurants.app; sourceTree = BUILT_PRODUCTS_DIR; };
		90CAABB5238EDFE10083D34E /* AppDelegate.swift */ = {isa = PBXFileReference; lastKnownFileType = sourcecode.swift; path = AppDelegate.swift; sourceTree = "<group>"; };
		90CAABB7238EDFE10083D34E /* SceneDelegate.swift */ = {isa = PBXFileReference; lastKnownFileType = sourcecode.swift; path = SceneDelegate.swift; sourceTree = "<group>"; };
		90CAABBA238EDFE10083D34E /* Restaurants.xcdatamodel */ = {isa = PBXFileReference; lastKnownFileType = wrapper.xcdatamodel; path = Restaurants.xcdatamodel; sourceTree = "<group>"; };
		90CAABBE238EDFE80083D34E /* Assets.xcassets */ = {isa = PBXFileReference; lastKnownFileType = folder.assetcatalog; path = Assets.xcassets; sourceTree = "<group>"; };
		90CAABC1238EDFE80083D34E /* Preview Assets.xcassets */ = {isa = PBXFileReference; lastKnownFileType = folder.assetcatalog; path = "Preview Assets.xcassets"; sourceTree = "<group>"; };
		90CAABC4238EDFE80083D34E /* Base */ = {isa = PBXFileReference; lastKnownFileType = file.storyboard; name = Base; path = Base.lproj/LaunchScreen.storyboard; sourceTree = "<group>"; };
		90CAABC6238EDFE80083D34E /* Info.plist */ = {isa = PBXFileReference; lastKnownFileType = text.plist.xml; path = Info.plist; sourceTree = "<group>"; };
		90CAABCD238EE2DD0083D34E /* RestaurantDetailView.swift */ = {isa = PBXFileReference; lastKnownFileType = sourcecode.swift; path = RestaurantDetailView.swift; sourceTree = "<group>"; };
		90E64F572393F6AD003E620A /* Observables.swift */ = {isa = PBXFileReference; lastKnownFileType = sourcecode.swift; path = Observables.swift; sourceTree = "<group>"; };
		90E64F5B2393FA31003E620A /* FoodLIst.swift */ = {isa = PBXFileReference; lastKnownFileType = sourcecode.swift; path = FoodLIst.swift; sourceTree = "<group>"; };
		90E64F5D2393FA77003E620A /* FoodCellView.swift */ = {isa = PBXFileReference; lastKnownFileType = sourcecode.swift; path = FoodCellView.swift; sourceTree = "<group>"; };
		90E64F5F2394145C003E620A /* TestView.swift */ = {isa = PBXFileReference; lastKnownFileType = sourcecode.swift; path = TestView.swift; sourceTree = "<group>"; };
		90E64F61239416C8003E620A /* TabBarView.swift */ = {isa = PBXFileReference; lastKnownFileType = sourcecode.swift; path = TabBarView.swift; sourceTree = "<group>"; };
		90E64F6323942400003E620A /* HomeView.swift */ = {isa = PBXFileReference; lastKnownFileType = sourcecode.swift; path = HomeView.swift; sourceTree = "<group>"; };
		90FCD077239029010054C44E /* CommonView.swift */ = {isa = PBXFileReference; lastKnownFileType = sourcecode.swift; path = CommonView.swift; sourceTree = "<group>"; };
		90FCD07A23903F7D0054C44E /* FoodListModel.swift */ = {isa = PBXFileReference; lastKnownFileType = sourcecode.swift; path = FoodListModel.swift; sourceTree = "<group>"; };
/* End PBXFileReference section */

/* Begin PBXFrameworksBuildPhase section */
		90CAABAF238EDFE10083D34E /* Frameworks */ = {
			isa = PBXFrameworksBuildPhase;
			buildActionMask = 2147483647;
			files = (
			);
			runOnlyForDeploymentPostprocessing = 0;
		};
/* End PBXFrameworksBuildPhase section */

/* Begin PBXGroup section */
		90700CD92398233A00E656A1 /* Tab+Views */ = {
			isa = PBXGroup;
			children = (
				90E64F6323942400003E620A /* HomeView.swift */,
				90E64F61239416C8003E620A /* TabBarView.swift */,
				90CAABCD238EE2DD0083D34E /* RestaurantDetailView.swift */,
				90BBB4FD2396CD56006B785A /* OfferView.swift */,
				90BBB4FF2396CD6E006B785A /* ProfileView.swift */,
				90BBB4FB2396C973006B785A /* NotificationView.swift */,
			);
			path = "Tab+Views";
			sourceTree = "<group>";
		};
		90700CDA2398239200E656A1 /* Resources */ = {
			isa = PBXGroup;
			children = (
				90CAABBE238EDFE80083D34E /* Assets.xcassets */,
			);
			path = Resources;
			sourceTree = "<group>";
		};
		90700CDB239823B900E656A1 /* Main */ = {
			isa = PBXGroup;
			children = (
				90CAABC3238EDFE80083D34E /* LaunchScreen.storyboard */,
				90CAABB5238EDFE10083D34E /* AppDelegate.swift */,
				90CAABB7238EDFE10083D34E /* SceneDelegate.swift */,
				90CAABC6238EDFE80083D34E /* Info.plist */,
				90CAABB9238EDFE10083D34E /* Restaurants.xcdatamodeld */,
			);
			path = Main;
			sourceTree = "<group>";
		};
		90700CDC2398246300E656A1 /* Extension */ = {
			isa = PBXGroup;
			children = (
				90700CDD2398247F00E656A1 /* UXColor.swift */,
			);
			path = Extension;
			sourceTree = "<group>";
		};
		90700CDF23982B9300E656A1 /* OtherViews */ = {
			isa = PBXGroup;
			children = (
				90B0C67E23998059004B4931 /* FoodDetsilView */,
			);
			path = OtherViews;
			sourceTree = "<group>";
		};
		90B0C67E23998059004B4931 /* FoodDetsilView */ = {
			isa = PBXGroup;
			children = (
				90700CE023982BD200E656A1 /* FoodDetailView.swift */,
				90B0C67F23998067004B4931 /* FoodetailSubviews */,
			);
			path = FoodDetsilView;
			sourceTree = "<group>";
		};
		90B0C67F23998067004B4931 /* FoodetailSubviews */ = {
			isa = PBXGroup;
			children = (
				90B0C68123998148004B4931 /* FoodDetailHeaderView.swift */,
				90B0C68323998170004B4931 /* FoodDetailRatingView.swift */,
				90B0C68523998180004B4931 /* FoodDetailDescriptionView.swift */,
				90B0C68723998190004B4931 /* FoodDetailCommentView.swift */,
			);
			path = FoodetailSubviews;
			sourceTree = "<group>";
		};
		90CAABA9238EDFE00083D34E = {
			isa = PBXGroup;
			children = (
				90CAABB4238EDFE10083D34E /* Restaurants */,
				90CAABB3238EDFE10083D34E /* Products */,
			);
			sourceTree = "<group>";
		};
		90CAABB3238EDFE10083D34E /* Products */ = {
			isa = PBXGroup;
			children = (
				90CAABB2238EDFE10083D34E /* Restaurants.app */,
			);
			name = Products;
			sourceTree = "<group>";
		};
		90CAABB4238EDFE10083D34E /* Restaurants */ = {
			isa = PBXGroup;
			children = (
				90700CDC2398246300E656A1 /* Extension */,
				90700CDB239823B900E656A1 /* Main */,
				90700CDA2398239200E656A1 /* Resources */,
				90E64F552393F5FE003E620A /* ObservableObjectModel */,
				90FCD07923903F5F0054C44E /* Model */,
				90CAABCC238EE04C0083D34E /* View */,
				90CAABC0238EDFE80083D34E /* Preview Content */,
			);
			path = Restaurants;
			sourceTree = "<group>";
		};
		90CAABC0238EDFE80083D34E /* Preview Content */ = {
			isa = PBXGroup;
			children = (
				90CAABC1238EDFE80083D34E /* Preview Assets.xcassets */,
			);
			path = "Preview Content";
			sourceTree = "<group>";
		};
		90CAABCC238EE04C0083D34E /* View */ = {
			isa = PBXGroup;
			children = (
				90700CDF23982B9300E656A1 /* OtherViews */,
				90700CD92398233A00E656A1 /* Tab+Views */,
				90E64F5A2393FA08003E620A /* ListCellViews */,
				90E64F592393FA01003E620A /* ListViews */,
				90FCD077239029010054C44E /* CommonView.swift */,
				90E64F5F2394145C003E620A /* TestView.swift */,
			);
			path = View;
			sourceTree = "<group>";
		};
		90E64F552393F5FE003E620A /* ObservableObjectModel */ = {
			isa = PBXGroup;
			children = (
				90E64F572393F6AD003E620A /* Observables.swift */,
			);
			path = ObservableObjectModel;
			sourceTree = "<group>";
		};
		90E64F592393FA01003E620A /* ListViews */ = {
			isa = PBXGroup;
			children = (
				90E64F5B2393FA31003E620A /* FoodLIst.swift */,
			);
			path = ListViews;
			sourceTree = "<group>";
		};
		90E64F5A2393FA08003E620A /* ListCellViews */ = {
			isa = PBXGroup;
			children = (
				90E64F5D2393FA77003E620A /* FoodCellView.swift */,
			);
			path = ListCellViews;
			sourceTree = "<group>";
		};
		90FCD07923903F5F0054C44E /* Model */ = {
			isa = PBXGroup;
			children = (
				90FCD07A23903F7D0054C44E /* FoodListModel.swift */,
			);
			path = Model;
			sourceTree = "<group>";
		};
/* End PBXGroup section */

/* Begin PBXNativeTarget section */
		90CAABB1238EDFE10083D34E /* Restaurants */ = {
			isa = PBXNativeTarget;
			buildConfigurationList = 90CAABC9238EDFE80083D34E /* Build configuration list for PBXNativeTarget "Restaurants" */;
			buildPhases = (
				90CAABAE238EDFE10083D34E /* Sources */,
				90CAABAF238EDFE10083D34E /* Frameworks */,
				90CAABB0238EDFE10083D34E /* Resources */,
			);
			buildRules = (
			);
			dependencies = (
			);
			name = Restaurants;
			productName = Restaurants;
			productReference = 90CAABB2238EDFE10083D34E /* Restaurants.app */;
			productType = "com.apple.product-type.application";
		};
/* End PBXNativeTarget section */

/* Begin PBXProject section */
		90CAABAA238EDFE00083D34E /* Project object */ = {
			isa = PBXProject;
			attributes = {
				LastSwiftUpdateCheck = 1120;
				LastUpgradeCheck = 1120;
				ORGANIZATIONNAME = Abservetech;
				TargetAttributes = {
					90CAABB1238EDFE10083D34E = {
						CreatedOnToolsVersion = 11.2.1;
					};
				};
			};
			buildConfigurationList = 90CAABAD238EDFE00083D34E /* Build configuration list for PBXProject "Restaurants" */;
			compatibilityVersion = "Xcode 9.3";
			developmentRegion = en;
			hasScannedForEncodings = 0;
			knownRegions = (
				en,
				Base,
			);
			mainGroup = 90CAABA9238EDFE00083D34E;
			productRefGroup = 90CAABB3238EDFE10083D34E /* Products */;
			projectDirPath = "";
			projectRoot = "";
			targets = (
				90CAABB1238EDFE10083D34E /* Restaurants */,
			);
		};
/* End PBXProject section */

/* Begin PBXResourcesBuildPhase section */
		90CAABB0238EDFE10083D34E /* Resources */ = {
			isa = PBXResourcesBuildPhase;
			buildActionMask = 2147483647;
			files = (
				90CAABC5238EDFE80083D34E /* LaunchScreen.storyboard in Resources */,
				90CAABC2238EDFE80083D34E /* Preview Assets.xcassets in Resources */,
				90CAABBF238EDFE80083D34E /* Assets.xcassets in Resources */,
			);
			runOnlyForDeploymentPostprocessing = 0;
		};
/* End PBXResourcesBuildPhase section */

/* Begin PBXSourcesBuildPhase section */
		90CAABAE238EDFE10083D34E /* Sources */ = {
			isa = PBXSourcesBuildPhase;
			buildActionMask = 2147483647;
			files = (
				90B0C68223998148004B4931 /* FoodDetailHeaderView.swift in Sources */,
				90CAABB6238EDFE10083D34E /* AppDelegate.swift in Sources */,
				90E64F602394145C003E620A /* TestView.swift in Sources */,
				90E64F6423942400003E620A /* HomeView.swift in Sources */,
				90700CE123982BD200E656A1 /* FoodDetailView.swift in Sources */,
				90CAABCE238EE2DD0083D34E /* RestaurantDetailView.swift in Sources */,
				90700CDE2398247F00E656A1 /* UXColor.swift in Sources */,
				90BBB4FE2396CD56006B785A /* OfferView.swift in Sources */,
				90B0C68423998170004B4931 /* FoodDetailRatingView.swift in Sources */,
				90CAABB8238EDFE10083D34E /* SceneDelegate.swift in Sources */,
				90B0C68823998190004B4931 /* FoodDetailCommentView.swift in Sources */,
				90E64F5C2393FA31003E620A /* FoodLIst.swift in Sources */,
				90BBB5002396CD6E006B785A /* ProfileView.swift in Sources */,
				90E64F582393F6AD003E620A /* Observables.swift in Sources */,
				90E64F5E2393FA77003E620A /* FoodCellView.swift in Sources */,
				90BBB4FC2396C973006B785A /* NotificationView.swift in Sources */,
				90CAABBB238EDFE10083D34E /* Restaurants.xcdatamodeld in Sources */,
				90B0C68623998180004B4931 /* FoodDetailDescriptionView.swift in Sources */,
				90FCD078239029020054C44E /* CommonView.swift in Sources */,
				90E64F62239416C8003E620A /* TabBarView.swift in Sources */,
				90FCD07B23903F7D0054C44E /* FoodListModel.swift in Sources */,
			);
			runOnlyForDeploymentPostprocessing = 0;
		};
/* End PBXSourcesBuildPhase section */

/* Begin PBXVariantGroup section */
		90CAABC3238EDFE80083D34E /* LaunchScreen.storyboard */ = {
			isa = PBXVariantGroup;
			children = (
				90CAABC4238EDFE80083D34E /* Base */,
			);
			name = LaunchScreen.storyboard;
			sourceTree = "<group>";
		};
/* End PBXVariantGroup section */

/* Begin XCBuildConfiguration section */
		90CAABC7238EDFE80083D34E /* Debug */ = {
			isa = XCBuildConfiguration;
			buildSettings = {
				ALWAYS_SEARCH_USER_PATHS = NO;
				CLANG_ANALYZER_NONNULL = YES;
				CLANG_ANALYZER_NUMBER_OBJECT_CONVERSION = YES_AGGRESSIVE;
				CLANG_CXX_LANGUAGE_STANDARD = "gnu++14";
				CLANG_CXX_LIBRARY = "libc++";
				CLANG_ENABLE_MODULES = YES;
				CLANG_ENABLE_OBJC_ARC = YES;
				CLANG_ENABLE_OBJC_WEAK = YES;
				CLANG_WARN_BLOCK_CAPTURE_AUTORELEASING = YES;
				CLANG_WARN_BOOL_CONVERSION = YES;
				CLANG_WARN_COMMA = YES;
				CLANG_WARN_CONSTANT_CONVERSION = YES;
				CLANG_WARN_DEPRECATED_OBJC_IMPLEMENTATIONS = YES;
				CLANG_WARN_DIRECT_OBJC_ISA_USAGE = YES_ERROR;
				CLANG_WARN_DOCUMENTATION_COMMENTS = YES;
				CLANG_WARN_EMPTY_BODY = YES;
				CLANG_WARN_ENUM_CONVERSION = YES;
				CLANG_WARN_INFINITE_RECURSION = YES;
				CLANG_WARN_INT_CONVERSION = YES;
				CLANG_WARN_NON_LITERAL_NULL_CONVERSION = YES;
				CLANG_WARN_OBJC_IMPLICIT_RETAIN_SELF = YES;
				CLANG_WARN_OBJC_LITERAL_CONVERSION = YES;
				CLANG_WARN_OBJC_ROOT_CLASS = YES_ERROR;
				CLANG_WARN_RANGE_LOOP_ANALYSIS = YES;
				CLANG_WARN_STRICT_PROTOTYPES = YES;
				CLANG_WARN_SUSPICIOUS_MOVE = YES;
				CLANG_WARN_UNGUARDED_AVAILABILITY = YES_AGGRESSIVE;
				CLANG_WARN_UNREACHABLE_CODE = YES;
				CLANG_WARN__DUPLICATE_METHOD_MATCH = YES;
				COPY_PHASE_STRIP = NO;
				DEBUG_INFORMATION_FORMAT = dwarf;
				ENABLE_STRICT_OBJC_MSGSEND = YES;
				ENABLE_TESTABILITY = YES;
				GCC_C_LANGUAGE_STANDARD = gnu11;
				GCC_DYNAMIC_NO_PIC = NO;
				GCC_NO_COMMON_BLOCKS = YES;
				GCC_OPTIMIZATION_LEVEL = 0;
				GCC_PREPROCESSOR_DEFINITIONS = (
					"DEBUG=1",
					"$(inherited)",
				);
				GCC_WARN_64_TO_32_BIT_CONVERSION = YES;
				GCC_WARN_ABOUT_RETURN_TYPE = YES_ERROR;
				GCC_WARN_UNDECLARED_SELECTOR = YES;
				GCC_WARN_UNINITIALIZED_AUTOS = YES_AGGRESSIVE;
				GCC_WARN_UNUSED_FUNCTION = YES;
				GCC_WARN_UNUSED_VARIABLE = YES;
				IPHONEOS_DEPLOYMENT_TARGET = 13.2;
				MTL_ENABLE_DEBUG_INFO = INCLUDE_SOURCE;
				MTL_FAST_MATH = YES;
				ONLY_ACTIVE_ARCH = YES;
				SDKROOT = iphoneos;
				SWIFT_ACTIVE_COMPILATION_CONDITIONS = DEBUG;
				SWIFT_OPTIMIZATION_LEVEL = "-Onone";
			};
			name = Debug;
		};
		90CAABC8238EDFE80083D34E /* Release */ = {
			isa = XCBuildConfiguration;
			buildSettings = {
				ALWAYS_SEARCH_USER_PATHS = NO;
				CLANG_ANALYZER_NONNULL = YES;
				CLANG_ANALYZER_NUMBER_OBJECT_CONVERSION = YES_AGGRESSIVE;
				CLANG_CXX_LANGUAGE_STANDARD = "gnu++14";
				CLANG_CXX_LIBRARY = "libc++";
				CLANG_ENABLE_MODULES = YES;
				CLANG_ENABLE_OBJC_ARC = YES;
				CLANG_ENABLE_OBJC_WEAK = YES;
				CLANG_WARN_BLOCK_CAPTURE_AUTORELEASING = YES;
				CLANG_WARN_BOOL_CONVERSION = YES;
				CLANG_WARN_COMMA = YES;
				CLANG_WARN_CONSTANT_CONVERSION = YES;
				CLANG_WARN_DEPRECATED_OBJC_IMPLEMENTATIONS = YES;
				CLANG_WARN_DIRECT_OBJC_ISA_USAGE = YES_ERROR;
				CLANG_WARN_DOCUMENTATION_COMMENTS = YES;
				CLANG_WARN_EMPTY_BODY = YES;
				CLANG_WARN_ENUM_CONVERSION = YES;
				CLANG_WARN_INFINITE_RECURSION = YES;
				CLANG_WARN_INT_CONVERSION = YES;
				CLANG_WARN_NON_LITERAL_NULL_CONVERSION = YES;
				CLANG_WARN_OBJC_IMPLICIT_RETAIN_SELF = YES;
				CLANG_WARN_OBJC_LITERAL_CONVERSION = YES;
				CLANG_WARN_OBJC_ROOT_CLASS = YES_ERROR;
				CLANG_WARN_RANGE_LOOP_ANALYSIS = YES;
				CLANG_WARN_STRICT_PROTOTYPES = YES;
				CLANG_WARN_SUSPICIOUS_MOVE = YES;
				CLANG_WARN_UNGUARDED_AVAILABILITY = YES_AGGRESSIVE;
				CLANG_WARN_UNREACHABLE_CODE = YES;
				CLANG_WARN__DUPLICATE_METHOD_MATCH = YES;
				COPY_PHASE_STRIP = NO;
				DEBUG_INFORMATION_FORMAT = "dwarf-with-dsym";
				ENABLE_NS_ASSERTIONS = NO;
				ENABLE_STRICT_OBJC_MSGSEND = YES;
				GCC_C_LANGUAGE_STANDARD = gnu11;
				GCC_NO_COMMON_BLOCKS = YES;
				GCC_WARN_64_TO_32_BIT_CONVERSION = YES;
				GCC_WARN_ABOUT_RETURN_TYPE = YES_ERROR;
				GCC_WARN_UNDECLARED_SELECTOR = YES;
				GCC_WARN_UNINITIALIZED_AUTOS = YES_AGGRESSIVE;
				GCC_WARN_UNUSED_FUNCTION = YES;
				GCC_WARN_UNUSED_VARIABLE = YES;
				IPHONEOS_DEPLOYMENT_TARGET = 13.2;
				MTL_ENABLE_DEBUG_INFO = NO;
				MTL_FAST_MATH = YES;
				SDKROOT = iphoneos;
				SWIFT_COMPILATION_MODE = wholemodule;
				SWIFT_OPTIMIZATION_LEVEL = "-O";
				VALIDATE_PRODUCT = YES;
			};
			name = Release;
		};
		90CAABCA238EDFE80083D34E /* Debug */ = {
			isa = XCBuildConfiguration;
			buildSettings = {
				ASSETCATALOG_COMPILER_APPICON_NAME = AppIcon;
				CODE_SIGN_STYLE = Automatic;
				DEVELOPMENT_ASSET_PATHS = "\"Restaurants/Preview Content\"";
				DEVELOPMENT_TEAM = F6G9374LLZ;
				ENABLE_PREVIEWS = YES;
				INFOPLIST_FILE = Restaurants/Main/Info.plist;
				LD_RUNPATH_SEARCH_PATHS = (
					"$(inherited)",
					"@executable_path/Frameworks",
				);
				PRODUCT_BUNDLE_IDENTIFIER = abservetech.Restaurants;
				PRODUCT_NAME = "$(TARGET_NAME)";
				SWIFT_VERSION = 5.0;
				TARGETED_DEVICE_FAMILY = "1,2";
			};
			name = Debug;
		};
		90CAABCB238EDFE80083D34E /* Release */ = {
			isa = XCBuildConfiguration;
			buildSettings = {
				ASSETCATALOG_COMPILER_APPICON_NAME = AppIcon;
				CODE_SIGN_STYLE = Automatic;
				DEVELOPMENT_ASSET_PATHS = "\"Restaurants/Preview Content\"";
				DEVELOPMENT_TEAM = F6G9374LLZ;
				ENABLE_PREVIEWS = YES;
				INFOPLIST_FILE = Restaurants/Main/Info.plist;
				LD_RUNPATH_SEARCH_PATHS = (
					"$(inherited)",
					"@executable_path/Frameworks",
				);
				PRODUCT_BUNDLE_IDENTIFIER = abservetech.Restaurants;
				PRODUCT_NAME = "$(TARGET_NAME)";
				SWIFT_VERSION = 5.0;
				TARGETED_DEVICE_FAMILY = "1,2";
			};
			name = Release;
		};
/* End XCBuildConfiguration section */

/* Begin XCConfigurationList section */
		90CAABAD238EDFE00083D34E /* Build configuration list for PBXProject "Restaurants" */ = {
			isa = XCConfigurationList;
			buildConfigurations = (
				90CAABC7238EDFE80083D34E /* Debug */,
				90CAABC8238EDFE80083D34E /* Release */,
			);
			defaultConfigurationIsVisible = 0;
			defaultConfigurationName = Release;
		};
		90CAABC9238EDFE80083D34E /* Build configuration list for PBXNativeTarget "Restaurants" */ = {
			isa = XCConfigurationList;
			buildConfigurations = (
				90CAABCA238EDFE80083D34E /* Debug */,
				90CAABCB238EDFE80083D34E /* Release */,
			);
			defaultConfigurationIsVisible = 0;
			defaultConfigurationName = Release;
		};
/* End XCConfigurationList section */

/* Begin XCVersionGroup section */
		90CAABB9238EDFE10083D34E /* Restaurants.xcdatamodeld */ = {
			isa = XCVersionGroup;
			children = (
				90CAABBA238EDFE10083D34E /* Restaurants.xcdatamodel */,
			);
			currentVersion = 90CAABBA238EDFE10083D34E /* Restaurants.xcdatamodel */;
			path = Restaurants.xcdatamodeld;
			sourceTree = "<group>";
			versionGroupType = wrapper.xcdatamodel;
		};
/* End XCVersionGroup section */
	};
	rootObject = 90CAABAA238EDFE00083D34E /* Project object */;
}
